
Microsoft Visual Studio Solution File, Format Version 12.00
# Visual Studio Version 16
VisualStudioVersion = 16.0.31729.503
MinimumVisualStudioVersion = 10.0.40219.1
Project("{FAE04EC0-301F-11D3-BF4B-00C04F79EFBC}") = "Exercise7", "Exercise7\Exercise7.csproj", "{846BC443-1159-498B-B2C7-594C978378F8}"
EndProject
Global
	GlobalSection(SolutionConfigurationPlatforms) = preSolution
		Debug|Any CPU = Debug|Any CPU
		Release|Any CPU = Release|Any CPU
	EndGlobalSection
	GlobalSection(ProjectConfigurationPlatforms) = postSolution
		{846BC443-1159-498B-B2C7-594C978378F8}.Debug|Any CPU.ActiveCfg = Debug|Any CPU
		{846BC443-1159-498B-B2C7-594C978378F8}.Debug|Any CPU.Build.0 = Debug|Any CPU
		{846BC443-1159-498B-B2C7-594C978378F8}.Release|Any CPU.ActiveCfg = Release|Any CPU
		{846BC443-1159-498B-B2C7-594C978378F8}.Release|Any CPU.Build.0 = Release|Any CPU
	EndGlobalSection
	GlobalSection(SolutionProperties) = preSolution
		HideSolutionNode = FALSE
	EndGlobalSection
	GlobalSection(ExtensibilityGlobals) = postSolution
		SolutionGuid = {F6E11276-162C-459F-9EE0-CF4B431E1A3F}
	EndGlobalSection
EndGlobal
