
Microsoft Visual Studio Solution File, Format Version 12.00
# Visual Studio Version 16
VisualStudioVersion = 16.0.31729.503
MinimumVisualStudioVersion = 10.0.40219.1
Project("{FAE04EC0-301F-11D3-BF4B-00C04F79EFBC}") = "Week3", "Week3\Week3.csproj", "{B19ACFF9-A452-4CAE-957F-85CF5A8D6BBD}"
EndProject
Project("{FAE04EC0-301F-11D3-BF4B-00C04F79EFBC}") = "Exercise2", "Exercise2\Exercise2.csproj", "{C696C192-356E-4E3F-AE30-0CAB1297217D}"
EndProject
Project("{FAE04EC0-301F-11D3-BF4B-00C04F79EFBC}") = "Exercise3", "Exercise3\Exercise3.csproj", "{BF115D94-A6B0-4E2B-B444-5725B77A0676}"
EndProject
Global
	GlobalSection(SolutionConfigurationPlatforms) = preSolution
		Debug|Any CPU = Debug|Any CPU
		Release|Any CPU = Release|Any CPU
	EndGlobalSection
	GlobalSection(ProjectConfigurationPlatforms) = postSolution
		{B19ACFF9-A452-4CAE-957F-85CF5A8D6BBD}.Debug|Any CPU.ActiveCfg = Debug|Any CPU
		{B19ACFF9-A452-4CAE-957F-85CF5A8D6BBD}.Debug|Any CPU.Build.0 = Debug|Any CPU
		{B19ACFF9-A452-4CAE-957F-85CF5A8D6BBD}.Release|Any CPU.ActiveCfg = Release|Any CPU
		{B19ACFF9-A452-4CAE-957F-85CF5A8D6BBD}.Release|Any CPU.Build.0 = Release|Any CPU
		{C696C192-356E-4E3F-AE30-0CAB1297217D}.Debug|Any CPU.ActiveCfg = Debug|Any CPU
		{C696C192-356E-4E3F-AE30-0CAB1297217D}.Debug|Any CPU.Build.0 = Debug|Any CPU
		{C696C192-356E-4E3F-AE30-0CAB1297217D}.Release|Any CPU.ActiveCfg = Release|Any CPU
		{C696C192-356E-4E3F-AE30-0CAB1297217D}.Release|Any CPU.Build.0 = Release|Any CPU
		{BF115D94-A6B0-4E2B-B444-5725B77A0676}.Debug|Any CPU.ActiveCfg = Debug|Any CPU
		{BF115D94-A6B0-4E2B-B444-5725B77A0676}.Debug|Any CPU.Build.0 = Debug|Any CPU
		{BF115D94-A6B0-4E2B-B444-5725B77A0676}.Release|Any CPU.ActiveCfg = Release|Any CPU
		{BF115D94-A6B0-4E2B-B444-5725B77A0676}.Release|Any CPU.Build.0 = Release|Any CPU
	EndGlobalSection
	GlobalSection(SolutionProperties) = preSolution
		HideSolutionNode = FALSE
	EndGlobalSection
	GlobalSection(ExtensibilityGlobals) = postSolution
		SolutionGuid = {9F5E22D0-91AF-4F1E-AF98-08937DD06E4D}
	EndGlobalSection
EndGlobal
